// !$*UTF8*$!
{
	archiveVersion = 1;
	classes = {
	};
	objectVersion = 50;
	objects = {

/* Begin PBXBuildFile section */
		731EA4A0239044880075CACE /* NetworkSevice.swift in Sources */ = {isa = PBXBuildFile; fileRef = 731EA49F239044880075CACE /* NetworkSevice.swift */; };
		731EA4A323905DAB0075CACE /* ImageCache.swift in Sources */ = {isa = PBXBuildFile; fileRef = 731EA4A223905DAB0075CACE /* ImageCache.swift */; };
		731EA4A523906DA10075CACE /* WhiteRoundedView.swift in Sources */ = {isa = PBXBuildFile; fileRef = 731EA4A423906DA10075CACE /* WhiteRoundedView.swift */; };
		7352174C239D1BFC00FE4CC0 /* AppData.swift in Sources */ = {isa = PBXBuildFile; fileRef = 7352174B239D1BFC00FE4CC0 /* AppData.swift */; };
		7352174E239D92BE00FE4CC0 /* CoreDataService.swift in Sources */ = {isa = PBXBuildFile; fileRef = 7352174D239D92BD00FE4CC0 /* CoreDataService.swift */; };
		7352175A239DA02400FE4CC0 /* FavoriteCoffee+CoreDataClass.swift in Sources */ = {isa = PBXBuildFile; fileRef = 73521758239DA02400FE4CC0 /* FavoriteCoffee+CoreDataClass.swift */; };
		7352175B239DA02400FE4CC0 /* FavoriteCoffee+CoreDataProperties.swift in Sources */ = {isa = PBXBuildFile; fileRef = 73521759239DA02400FE4CC0 /* FavoriteCoffee+CoreDataProperties.swift */; };
		7352175D239DA80900FE4CC0 /* NetworkError.swift in Sources */ = {isa = PBXBuildFile; fileRef = 7352175C239DA80900FE4CC0 /* NetworkError.swift */; };
		73521787239E0A8C00FE4CC0 /* FeaturedCoffeeViewModel.swift in Sources */ = {isa = PBXBuildFile; fileRef = 73521786239E0A8C00FE4CC0 /* FeaturedCoffeeViewModel.swift */; };
		73521789239E13B000FE4CC0 /* FavoritedCoffeeViewModel.swift in Sources */ = {isa = PBXBuildFile; fileRef = 73521788239E13B000FE4CC0 /* FavoritedCoffeeViewModel.swift */; };
		7352178B239E188300FE4CC0 /* CoffeeCollectionManager.swift in Sources */ = {isa = PBXBuildFile; fileRef = 7352178A239E188300FE4CC0 /* CoffeeCollectionManager.swift */; };
		7352178D239E18BC00FE4CC0 /* CoffeeCollectionAccessor.swift in Sources */ = {isa = PBXBuildFile; fileRef = 7352178C239E18BC00FE4CC0 /* CoffeeCollectionAccessor.swift */; };
		7352178F239E191700FE4CC0 /* CoffeeCollectionFilter.swift in Sources */ = {isa = PBXBuildFile; fileRef = 7352178E239E191700FE4CC0 /* CoffeeCollectionFilter.swift */; };
		73521792239E1ED700FE4CC0 /* CoffeeDetailManager.swift in Sources */ = {isa = PBXBuildFile; fileRef = 73521791239E1ED700FE4CC0 /* CoffeeDetailManager.swift */; };
		73521794239E200100FE4CC0 /* CoffeeCoreDataAdaptor.swift in Sources */ = {isa = PBXBuildFile; fileRef = 73521793239E200100FE4CC0 /* CoffeeCoreDataAdaptor.swift */; };
		73521796239E375600FE4CC0 /* Array+Extension.swift in Sources */ = {isa = PBXBuildFile; fileRef = 73521795239E375600FE4CC0 /* Array+Extension.swift */; };
		73521799239E546E00FE4CC0 /* EmptyStateView.swift in Sources */ = {isa = PBXBuildFile; fileRef = 73521798239E546E00FE4CC0 /* EmptyStateView.swift */; };
		7352179A239F022800FE4CC0 /* illyCoffee.xcdatamodeld in Sources */ = {isa = PBXBuildFile; fileRef = 73521751239D953300FE4CC0 /* illyCoffee.xcdatamodeld */; };
		738AF1E523A05A4000950E75 /* OrderedDictionaryTests.swift in Sources */ = {isa = PBXBuildFile; fileRef = 738AF1E423A05A4000950E75 /* OrderedDictionaryTests.swift */; };
		738AF1E723A0678300950E75 /* CoffeeLabelTableViewCellTest.swift in Sources */ = {isa = PBXBuildFile; fileRef = 738AF1E623A0678300950E75 /* CoffeeLabelTableViewCellTest.swift */; };
		738AF1E923A06A0900950E75 /* FavoritedCoffeeViewModelTests.swift in Sources */ = {isa = PBXBuildFile; fileRef = 738AF1E823A06A0900950E75 /* FavoritedCoffeeViewModelTests.swift */; };
		738AF1EB23A06BB900950E75 /* MockPersistenceService.swift in Sources */ = {isa = PBXBuildFile; fileRef = 738AF1EA23A06BB900950E75 /* MockPersistenceService.swift */; };
		738AF1ED23A07E3200950E75 /* MockNetworkingService.swift in Sources */ = {isa = PBXBuildFile; fileRef = 738AF1EC23A07E3200950E75 /* MockNetworkingService.swift */; };
		738AF1F023A086DB00950E75 /* PersistenceService.swift in Sources */ = {isa = PBXBuildFile; fileRef = 738AF1EF23A086DB00950E75 /* PersistenceService.swift */; };
		738AF1F223A0872800950E75 /* NetworkingService.swift in Sources */ = {isa = PBXBuildFile; fileRef = 738AF1F123A0872800950E75 /* NetworkingService.swift */; };
		73A8C2C5237CF3D4002BA970 /* AppDelegate.swift in Sources */ = {isa = PBXBuildFile; fileRef = 73A8C2C4237CF3D4002BA970 /* AppDelegate.swift */; };
		73A8C2CE237CF3FE002BA970 /* Assets.xcassets in Resources */ = {isa = PBXBuildFile; fileRef = 73A8C2CD237CF3FE002BA970 /* Assets.xcassets */; };
		73A8C2D1237CF3FE002BA970 /* LaunchScreen.storyboard in Resources */ = {isa = PBXBuildFile; fileRef = 73A8C2CF237CF3FE002BA970 /* LaunchScreen.storyboard */; };
		73A8C2DC237CF3FF002BA970 /* FeaturedCoffeeViewModelTests.swift in Sources */ = {isa = PBXBuildFile; fileRef = 73A8C2DB237CF3FF002BA970 /* FeaturedCoffeeViewModelTests.swift */; };
		73A8C2E7237CF64F002BA970 /* FeatureTabViewController.swift in Sources */ = {isa = PBXBuildFile; fileRef = 73A8C2E6237CF64F002BA970 /* FeatureTabViewController.swift */; };
		73A8C2ED237D006F002BA970 /* illyCoffee.json in Resources */ = {isa = PBXBuildFile; fileRef = 73A8C2EC237D006F002BA970 /* illyCoffee.json */; };
		73A8C2EF237D0C86002BA970 /* CoffeeListViewController.swift in Sources */ = {isa = PBXBuildFile; fileRef = 73A8C2EE237D0C86002BA970 /* CoffeeListViewController.swift */; };
		73A8C2F1237D0CC5002BA970 /* ProgrammaticView.swift in Sources */ = {isa = PBXBuildFile; fileRef = 73A8C2F0237D0CC5002BA970 /* ProgrammaticView.swift */; };
		73A8C2F6237D0DC7002BA970 /* Coffee.swift in Sources */ = {isa = PBXBuildFile; fileRef = 73A8C2F5237D0DC7002BA970 /* Coffee.swift */; };
		73A8C2F9237D0F46002BA970 /* CoffeeTableViewCell.swift in Sources */ = {isa = PBXBuildFile; fileRef = 73A8C2F8237D0F46002BA970 /* CoffeeTableViewCell.swift */; };
		73A8C2FC237D1925002BA970 /* CoffeeDetailViewController.swift in Sources */ = {isa = PBXBuildFile; fileRef = 73A8C2FB237D1925002BA970 /* CoffeeDetailViewController.swift */; };
		73A8C2FE237D195F002BA970 /* CoffeeDetailViewModel.swift in Sources */ = {isa = PBXBuildFile; fileRef = 73A8C2FD237D195F002BA970 /* CoffeeDetailViewModel.swift */; };
		73A8C301237D1C52002BA970 /* CoffeeImageTableViewCell.swift in Sources */ = {isa = PBXBuildFile; fileRef = 73A8C300237D1C52002BA970 /* CoffeeImageTableViewCell.swift */; };
		73A8C303237D1DED002BA970 /* CoffeeLabelTableViewCell.swift in Sources */ = {isa = PBXBuildFile; fileRef = 73A8C302237D1DED002BA970 /* CoffeeLabelTableViewCell.swift */; };
		73B3D0AB2398B188008E674A /* MockCoffeeData.swift in Sources */ = {isa = PBXBuildFile; fileRef = 73B3D0AA2398B188008E674A /* MockCoffeeData.swift */; };
		73B3D0AD2398BAA8008E674A /* CoffeeDetailViewModelTests.swift in Sources */ = {isa = PBXBuildFile; fileRef = 73B3D0AC2398BAA8008E674A /* CoffeeDetailViewModelTests.swift */; };
		73E4CAEE239F63A900B479C9 /* OrderedDictionary.swift in Sources */ = {isa = PBXBuildFile; fileRef = 73E4CAED239F63A900B479C9 /* OrderedDictionary.swift */; };
		73E4CAF1239F8BFE00B479C9 /* CoffeeCollectionNetworking.swift in Sources */ = {isa = PBXBuildFile; fileRef = 73E4CAF0239F8BFD00B479C9 /* CoffeeCollectionNetworking.swift */; };
/* End PBXBuildFile section */

/* Begin PBXContainerItemProxy section */
		73A8C2D8237CF3FF002BA970 /* PBXContainerItemProxy */ = {
			isa = PBXContainerItemProxy;
			containerPortal = 73A8C2B9237CF3D4002BA970 /* Project object */;
			proxyType = 1;
			remoteGlobalIDString = 73A8C2C0237CF3D4002BA970;
			remoteInfo = illyCoffee;
		};
/* End PBXContainerItemProxy section */

/* Begin PBXFileReference section */
		731EA49F239044880075CACE /* NetworkSevice.swift */ = {isa = PBXFileReference; lastKnownFileType = sourcecode.swift; path = NetworkSevice.swift; sourceTree = "<group>"; };
		731EA4A223905DAB0075CACE /* ImageCache.swift */ = {isa = PBXFileReference; lastKnownFileType = sourcecode.swift; path = ImageCache.swift; sourceTree = "<group>"; };
		731EA4A423906DA10075CACE /* WhiteRoundedView.swift */ = {isa = PBXFileReference; lastKnownFileType = sourcecode.swift; path = WhiteRoundedView.swift; sourceTree = "<group>"; };
		7352174B239D1BFC00FE4CC0 /* AppData.swift */ = {isa = PBXFileReference; lastKnownFileType = sourcecode.swift; path = AppData.swift; sourceTree = "<group>"; };
		7352174D239D92BD00FE4CC0 /* CoreDataService.swift */ = {isa = PBXFileReference; lastKnownFileType = sourcecode.swift; path = CoreDataService.swift; sourceTree = "<group>"; };
		73521752239D953300FE4CC0 /* illyCoffee.xcdatamodel */ = {isa = PBXFileReference; lastKnownFileType = wrapper.xcdatamodel; path = illyCoffee.xcdatamodel; sourceTree = "<group>"; };
		73521758239DA02400FE4CC0 /* FavoriteCoffee+CoreDataClass.swift */ = {isa = PBXFileReference; lastKnownFileType = sourcecode.swift; path = "FavoriteCoffee+CoreDataClass.swift"; sourceTree = "<group>"; };
		73521759239DA02400FE4CC0 /* FavoriteCoffee+CoreDataProperties.swift */ = {isa = PBXFileReference; lastKnownFileType = sourcecode.swift; path = "FavoriteCoffee+CoreDataProperties.swift"; sourceTree = "<group>"; };
		7352175C239DA80900FE4CC0 /* NetworkError.swift */ = {isa = PBXFileReference; lastKnownFileType = sourcecode.swift; path = NetworkError.swift; sourceTree = "<group>"; };
		73521786239E0A8C00FE4CC0 /* FeaturedCoffeeViewModel.swift */ = {isa = PBXFileReference; lastKnownFileType = sourcecode.swift; path = FeaturedCoffeeViewModel.swift; sourceTree = "<group>"; };
		73521788239E13B000FE4CC0 /* FavoritedCoffeeViewModel.swift */ = {isa = PBXFileReference; lastKnownFileType = sourcecode.swift; path = FavoritedCoffeeViewModel.swift; sourceTree = "<group>"; };
		7352178A239E188300FE4CC0 /* CoffeeCollectionManager.swift */ = {isa = PBXFileReference; lastKnownFileType = sourcecode.swift; path = CoffeeCollectionManager.swift; sourceTree = "<group>"; };
		7352178C239E18BC00FE4CC0 /* CoffeeCollectionAccessor.swift */ = {isa = PBXFileReference; lastKnownFileType = sourcecode.swift; path = CoffeeCollectionAccessor.swift; sourceTree = "<group>"; };
		7352178E239E191700FE4CC0 /* CoffeeCollectionFilter.swift */ = {isa = PBXFileReference; lastKnownFileType = sourcecode.swift; path = CoffeeCollectionFilter.swift; sourceTree = "<group>"; };
		73521791239E1ED700FE4CC0 /* CoffeeDetailManager.swift */ = {isa = PBXFileReference; lastKnownFileType = sourcecode.swift; path = CoffeeDetailManager.swift; sourceTree = "<group>"; };
		73521793239E200100FE4CC0 /* CoffeeCoreDataAdaptor.swift */ = {isa = PBXFileReference; lastKnownFileType = sourcecode.swift; path = CoffeeCoreDataAdaptor.swift; sourceTree = "<group>"; };
		73521795239E375600FE4CC0 /* Array+Extension.swift */ = {isa = PBXFileReference; lastKnownFileType = sourcecode.swift; path = "Array+Extension.swift"; sourceTree = "<group>"; };
		73521798239E546E00FE4CC0 /* EmptyStateView.swift */ = {isa = PBXFileReference; lastKnownFileType = sourcecode.swift; path = EmptyStateView.swift; sourceTree = "<group>"; };
		738AF1E423A05A4000950E75 /* OrderedDictionaryTests.swift */ = {isa = PBXFileReference; lastKnownFileType = sourcecode.swift; path = OrderedDictionaryTests.swift; sourceTree = "<group>"; };
		738AF1E623A0678300950E75 /* CoffeeLabelTableViewCellTest.swift */ = {isa = PBXFileReference; lastKnownFileType = sourcecode.swift; path = CoffeeLabelTableViewCellTest.swift; sourceTree = "<group>"; };
		738AF1E823A06A0900950E75 /* FavoritedCoffeeViewModelTests.swift */ = {isa = PBXFileReference; lastKnownFileType = sourcecode.swift; path = FavoritedCoffeeViewModelTests.swift; sourceTree = "<group>"; };
		738AF1EA23A06BB900950E75 /* MockPersistenceService.swift */ = {isa = PBXFileReference; lastKnownFileType = sourcecode.swift; path = MockPersistenceService.swift; sourceTree = "<group>"; };
		738AF1EC23A07E3200950E75 /* MockNetworkingService.swift */ = {isa = PBXFileReference; lastKnownFileType = sourcecode.swift; path = MockNetworkingService.swift; sourceTree = "<group>"; };
		738AF1EF23A086DB00950E75 /* PersistenceService.swift */ = {isa = PBXFileReference; lastKnownFileType = sourcecode.swift; path = PersistenceService.swift; sourceTree = "<group>"; };
		738AF1F123A0872800950E75 /* NetworkingService.swift */ = {isa = PBXFileReference; lastKnownFileType = sourcecode.swift; path = NetworkingService.swift; sourceTree = "<group>"; };
		73A8C2C1237CF3D4002BA970 /* illyCoffee.app */ = {isa = PBXFileReference; explicitFileType = wrapper.application; includeInIndex = 0; path = illyCoffee.app; sourceTree = BUILT_PRODUCTS_DIR; };
		73A8C2C4237CF3D4002BA970 /* AppDelegate.swift */ = {isa = PBXFileReference; lastKnownFileType = sourcecode.swift; path = AppDelegate.swift; sourceTree = "<group>"; };
		73A8C2CD237CF3FE002BA970 /* Assets.xcassets */ = {isa = PBXFileReference; lastKnownFileType = folder.assetcatalog; path = Assets.xcassets; sourceTree = "<group>"; };
		73A8C2D0237CF3FE002BA970 /* Base */ = {isa = PBXFileReference; lastKnownFileType = file.storyboard; name = Base; path = Base.lproj/LaunchScreen.storyboard; sourceTree = "<group>"; };
		73A8C2D2237CF3FE002BA970 /* Info.plist */ = {isa = PBXFileReference; lastKnownFileType = text.plist.xml; path = Info.plist; sourceTree = "<group>"; };
		73A8C2D7237CF3FF002BA970 /* illyCoffeeTests.xctest */ = {isa = PBXFileReference; explicitFileType = wrapper.cfbundle; includeInIndex = 0; path = illyCoffeeTests.xctest; sourceTree = BUILT_PRODUCTS_DIR; };
		73A8C2DB237CF3FF002BA970 /* FeaturedCoffeeViewModelTests.swift */ = {isa = PBXFileReference; lastKnownFileType = sourcecode.swift; path = FeaturedCoffeeViewModelTests.swift; sourceTree = "<group>"; };
		73A8C2DD237CF3FF002BA970 /* Info.plist */ = {isa = PBXFileReference; lastKnownFileType = text.plist.xml; path = Info.plist; sourceTree = "<group>"; };
		73A8C2E6237CF64F002BA970 /* FeatureTabViewController.swift */ = {isa = PBXFileReference; lastKnownFileType = sourcecode.swift; path = FeatureTabViewController.swift; sourceTree = "<group>"; };
		73A8C2EC237D006F002BA970 /* illyCoffee.json */ = {isa = PBXFileReference; lastKnownFileType = text.json; path = illyCoffee.json; sourceTree = "<group>"; };
		73A8C2EE237D0C86002BA970 /* CoffeeListViewController.swift */ = {isa = PBXFileReference; lastKnownFileType = sourcecode.swift; path = CoffeeListViewController.swift; sourceTree = "<group>"; };
		73A8C2F0237D0CC5002BA970 /* ProgrammaticView.swift */ = {isa = PBXFileReference; fileEncoding = 4; lastKnownFileType = sourcecode.swift; path = ProgrammaticView.swift; sourceTree = "<group>"; };
		73A8C2F5237D0DC7002BA970 /* Coffee.swift */ = {isa = PBXFileReference; lastKnownFileType = sourcecode.swift; path = Coffee.swift; sourceTree = "<group>"; };
		73A8C2F8237D0F46002BA970 /* CoffeeTableViewCell.swift */ = {isa = PBXFileReference; fileEncoding = 4; lastKnownFileType = sourcecode.swift; path = CoffeeTableViewCell.swift; sourceTree = "<group>"; };
		73A8C2FB237D1925002BA970 /* CoffeeDetailViewController.swift */ = {isa = PBXFileReference; lastKnownFileType = sourcecode.swift; path = CoffeeDetailViewController.swift; sourceTree = "<group>"; };
		73A8C2FD237D195F002BA970 /* CoffeeDetailViewModel.swift */ = {isa = PBXFileReference; lastKnownFileType = sourcecode.swift; path = CoffeeDetailViewModel.swift; sourceTree = "<group>"; };
		73A8C300237D1C52002BA970 /* CoffeeImageTableViewCell.swift */ = {isa = PBXFileReference; lastKnownFileType = sourcecode.swift; path = CoffeeImageTableViewCell.swift; sourceTree = "<group>"; };
		73A8C302237D1DED002BA970 /* CoffeeLabelTableViewCell.swift */ = {isa = PBXFileReference; lastKnownFileType = sourcecode.swift; path = CoffeeLabelTableViewCell.swift; sourceTree = "<group>"; };
		73B3D0AA2398B188008E674A /* MockCoffeeData.swift */ = {isa = PBXFileReference; lastKnownFileType = sourcecode.swift; path = MockCoffeeData.swift; sourceTree = "<group>"; };
		73B3D0AC2398BAA8008E674A /* CoffeeDetailViewModelTests.swift */ = {isa = PBXFileReference; lastKnownFileType = sourcecode.swift; path = CoffeeDetailViewModelTests.swift; sourceTree = "<group>"; };
		73E4CAED239F63A900B479C9 /* OrderedDictionary.swift */ = {isa = PBXFileReference; lastKnownFileType = sourcecode.swift; path = OrderedDictionary.swift; sourceTree = "<group>"; };
		73E4CAF0239F8BFD00B479C9 /* CoffeeCollectionNetworking.swift */ = {isa = PBXFileReference; lastKnownFileType = sourcecode.swift; path = CoffeeCollectionNetworking.swift; sourceTree = "<group>"; };
/* End PBXFileReference section */

/* Begin PBXFrameworksBuildPhase section */
		73A8C2BE237CF3D4002BA970 /* Frameworks */ = {
			isa = PBXFrameworksBuildPhase;
			buildActionMask = 2147483647;
			files = (
			);
			runOnlyForDeploymentPostprocessing = 0;
		};
		73A8C2D4237CF3FF002BA970 /* Frameworks */ = {
			isa = PBXFrameworksBuildPhase;
			buildActionMask = 2147483647;
			files = (
			);
			runOnlyForDeploymentPostprocessing = 0;
		};
/* End PBXFrameworksBuildPhase section */

/* Begin PBXGroup section */
		731EA4A1239044920075CACE /* Services */ = {
			isa = PBXGroup;
			children = (
				7352174D239D92BD00FE4CC0 /* CoreDataService.swift */,
				731EA4A223905DAB0075CACE /* ImageCache.swift */,
				7352175C239DA80900FE4CC0 /* NetworkError.swift */,
				731EA49F239044880075CACE /* NetworkSevice.swift */,
				73521751239D953300FE4CC0 /* illyCoffee.xcdatamodeld */,
			);
			path = Services;
			sourceTree = "<group>";
		};
		73521790239E1D7500FE4CC0 /* Views */ = {
			isa = PBXGroup;
			children = (
				73A8C2F8237D0F46002BA970 /* CoffeeTableViewCell.swift */,
				73521798239E546E00FE4CC0 /* EmptyStateView.swift */,
				731EA4A423906DA10075CACE /* WhiteRoundedView.swift */,
			);
			path = Views;
			sourceTree = "<group>";
		};
		73521797239E376100FE4CC0 /* Extensions */ = {
			isa = PBXGroup;
			children = (
				73521795239E375600FE4CC0 /* Array+Extension.swift */,
			);
			path = Extensions;
			sourceTree = "<group>";
		};
		738AF1EE23A07E5100950E75 /* Mocks */ = {
			isa = PBXGroup;
			children = (
				73B3D0AA2398B188008E674A /* MockCoffeeData.swift */,
				738AF1EC23A07E3200950E75 /* MockNetworkingService.swift */,
				738AF1EA23A06BB900950E75 /* MockPersistenceService.swift */,
			);
			path = Mocks;
			sourceTree = "<group>";
		};
		73A8C2B8237CF3D4002BA970 = {
			isa = PBXGroup;
			children = (
				73A8C2C3237CF3D4002BA970 /* illyCoffee */,
				73A8C2DA237CF3FF002BA970 /* illyCoffeeTests */,
				73A8C2C2237CF3D4002BA970 /* Products */,
			);
			sourceTree = "<group>";
		};
		73A8C2C2237CF3D4002BA970 /* Products */ = {
			isa = PBXGroup;
			children = (
				73A8C2C1237CF3D4002BA970 /* illyCoffee.app */,
				73A8C2D7237CF3FF002BA970 /* illyCoffeeTests.xctest */,
			);
			name = Products;
			sourceTree = "<group>";
		};
		73A8C2C3237CF3D4002BA970 /* illyCoffee */ = {
			isa = PBXGroup;
			children = (
				7352174B239D1BFC00FE4CC0 /* AppData.swift */,
				73A8C2C4237CF3D4002BA970 /* AppDelegate.swift */,
				73E4CAEF239F74C300B479C9 /* Decorators */,
				73521797239E376100FE4CC0 /* Extensions */,
				73A8C2EA237CF6C4002BA970 /* Features */,
				73A8C2F7237D0E45002BA970 /* Models */,
				73A8C2E8237CF6AD002BA970 /* Navigation */,
				73A8C2F2237D0CCC002BA970 /* Protocols */,
				731EA4A1239044920075CACE /* Services */,
				73A8C2E9237CF6B6002BA970 /* SupportingFiles */,
			);
			path = illyCoffee;
			sourceTree = "<group>";
		};
		73A8C2DA237CF3FF002BA970 /* illyCoffeeTests */ = {
			isa = PBXGroup;
			children = (
				73A8C2DD237CF3FF002BA970 /* Info.plist */,
				73B3D0AC2398BAA8008E674A /* CoffeeDetailViewModelTests.swift */,
				738AF1E623A0678300950E75 /* CoffeeLabelTableViewCellTest.swift */,
				738AF1E823A06A0900950E75 /* FavoritedCoffeeViewModelTests.swift */,
				73A8C2DB237CF3FF002BA970 /* FeaturedCoffeeViewModelTests.swift */,
				738AF1E423A05A4000950E75 /* OrderedDictionaryTests.swift */,
				738AF1EE23A07E5100950E75 /* Mocks */,
			);
			path = illyCoffeeTests;
			sourceTree = "<group>";
		};
		73A8C2E8237CF6AD002BA970 /* Navigation */ = {
			isa = PBXGroup;
			children = (
				73A8C2E6237CF64F002BA970 /* FeatureTabViewController.swift */,
			);
			path = Navigation;
			sourceTree = "<group>";
		};
		73A8C2E9237CF6B6002BA970 /* SupportingFiles */ = {
			isa = PBXGroup;
			children = (
				73A8C2CD237CF3FE002BA970 /* Assets.xcassets */,
				73A8C2CF237CF3FE002BA970 /* LaunchScreen.storyboard */,
				73A8C2D2237CF3FE002BA970 /* Info.plist */,
				73A8C2EC237D006F002BA970 /* illyCoffee.json */,
			);
			path = SupportingFiles;
			sourceTree = "<group>";
		};
		73A8C2EA237CF6C4002BA970 /* Features */ = {
			isa = PBXGroup;
			children = (
				73A8C2FF237D1C23002BA970 /* CoffeeDetail */,
				73A8C2FA237D1153002BA970 /* CoffeeList */,
			);
			path = Features;
			sourceTree = "<group>";
		};
		73A8C2F2237D0CCC002BA970 /* Protocols */ = {
			isa = PBXGroup;
			children = (
				7352178C239E18BC00FE4CC0 /* CoffeeCollectionAccessor.swift */,
				7352178E239E191700FE4CC0 /* CoffeeCollectionFilter.swift */,
				7352178A239E188300FE4CC0 /* CoffeeCollectionManager.swift */,
				73E4CAF0239F8BFD00B479C9 /* CoffeeCollectionNetworking.swift */,
				73521793239E200100FE4CC0 /* CoffeeCoreDataAdaptor.swift */,
				73521791239E1ED700FE4CC0 /* CoffeeDetailManager.swift */,
				738AF1F123A0872800950E75 /* NetworkingService.swift */,
				738AF1EF23A086DB00950E75 /* PersistenceService.swift */,
				73A8C2F0237D0CC5002BA970 /* ProgrammaticView.swift */,
			);
			path = Protocols;
			sourceTree = "<group>";
		};
		73A8C2F7237D0E45002BA970 /* Models */ = {
			isa = PBXGroup;
			children = (
				73A8C2F5237D0DC7002BA970 /* Coffee.swift */,
				73521758239DA02400FE4CC0 /* FavoriteCoffee+CoreDataClass.swift */,
				73521759239DA02400FE4CC0 /* FavoriteCoffee+CoreDataProperties.swift */,
			);
			path = Models;
			sourceTree = "<group>";
		};
		73A8C2FA237D1153002BA970 /* CoffeeList */ = {
			isa = PBXGroup;
			children = (
				73A8C2EE237D0C86002BA970 /* CoffeeListViewController.swift */,
				73521788239E13B000FE4CC0 /* FavoritedCoffeeViewModel.swift */,
				73521786239E0A8C00FE4CC0 /* FeaturedCoffeeViewModel.swift */,
				73521790239E1D7500FE4CC0 /* Views */,
			);
			path = CoffeeList;
			sourceTree = "<group>";
		};
		73A8C2FF237D1C23002BA970 /* CoffeeDetail */ = {
			isa = PBXGroup;
			children = (
				73A8C2FB237D1925002BA970 /* CoffeeDetailViewController.swift */,
				73A8C2FD237D195F002BA970 /* CoffeeDetailViewModel.swift */,
				73A8C300237D1C52002BA970 /* CoffeeImageTableViewCell.swift */,
				73A8C302237D1DED002BA970 /* CoffeeLabelTableViewCell.swift */,
			);
			path = CoffeeDetail;
			sourceTree = "<group>";
		};
		73E4CAEF239F74C300B479C9 /* Decorators */ = {
			isa = PBXGroup;
			children = (
				73E4CAED239F63A900B479C9 /* OrderedDictionary.swift */,
			);
			path = Decorators;
			sourceTree = "<group>";
		};
/* End PBXGroup section */

/* Begin PBXNativeTarget section */
		73A8C2C0237CF3D4002BA970 /* illyCoffee */ = {
			isa = PBXNativeTarget;
			buildConfigurationList = 73A8C2E0237CF3FF002BA970 /* Build configuration list for PBXNativeTarget "illyCoffee" */;
			buildPhases = (
				73A8C2BD237CF3D4002BA970 /* Sources */,
				73A8C2BE237CF3D4002BA970 /* Frameworks */,
				73A8C2BF237CF3D4002BA970 /* Resources */,
			);
			buildRules = (
			);
			dependencies = (
			);
			name = illyCoffee;
			productName = illyCoffee;
			productReference = 73A8C2C1237CF3D4002BA970 /* illyCoffee.app */;
			productType = "com.apple.product-type.application";
		};
		73A8C2D6237CF3FF002BA970 /* illyCoffeeTests */ = {
			isa = PBXNativeTarget;
			buildConfigurationList = 73A8C2E3237CF3FF002BA970 /* Build configuration list for PBXNativeTarget "illyCoffeeTests" */;
			buildPhases = (
				73A8C2D3237CF3FF002BA970 /* Sources */,
				73A8C2D4237CF3FF002BA970 /* Frameworks */,
				73A8C2D5237CF3FF002BA970 /* Resources */,
			);
			buildRules = (
			);
			dependencies = (
				73A8C2D9237CF3FF002BA970 /* PBXTargetDependency */,
			);
			name = illyCoffeeTests;
			productName = illyCoffeeTests;
			productReference = 73A8C2D7237CF3FF002BA970 /* illyCoffeeTests.xctest */;
			productType = "com.apple.product-type.bundle.unit-test";
		};
/* End PBXNativeTarget section */

/* Begin PBXProject section */
		73A8C2B9237CF3D4002BA970 /* Project object */ = {
			isa = PBXProject;
			attributes = {
				LastSwiftUpdateCheck = 1120;
				LastUpgradeCheck = 1120;
				ORGANIZATIONNAME = "Alexander Lorkowski";
				TargetAttributes = {
					73A8C2C0237CF3D4002BA970 = {
						CreatedOnToolsVersion = 11.2.1;
					};
					73A8C2D6237CF3FF002BA970 = {
						CreatedOnToolsVersion = 11.2.1;
						TestTargetID = 73A8C2C0237CF3D4002BA970;
					};
				};
			};
			buildConfigurationList = 73A8C2BC237CF3D4002BA970 /* Build configuration list for PBXProject "illyCoffee" */;
			compatibilityVersion = "Xcode 9.3";
			developmentRegion = en;
			hasScannedForEncodings = 0;
			knownRegions = (
				en,
				Base,
			);
			mainGroup = 73A8C2B8237CF3D4002BA970;
			productRefGroup = 73A8C2C2237CF3D4002BA970 /* Products */;
			projectDirPath = "";
			projectRoot = "";
			targets = (
				73A8C2C0237CF3D4002BA970 /* illyCoffee */,
				73A8C2D6237CF3FF002BA970 /* illyCoffeeTests */,
			);
		};
/* End PBXProject section */

/* Begin PBXResourcesBuildPhase section */
		73A8C2BF237CF3D4002BA970 /* Resources */ = {
			isa = PBXResourcesBuildPhase;
			buildActionMask = 2147483647;
			files = (
				73A8C2ED237D006F002BA970 /* illyCoffee.json in Resources */,
				73A8C2D1237CF3FE002BA970 /* LaunchScreen.storyboard in Resources */,
				73A8C2CE237CF3FE002BA970 /* Assets.xcassets in Resources */,
			);
			runOnlyForDeploymentPostprocessing = 0;
		};
		73A8C2D5237CF3FF002BA970 /* Resources */ = {
			isa = PBXResourcesBuildPhase;
			buildActionMask = 2147483647;
			files = (
			);
			runOnlyForDeploymentPostprocessing = 0;
		};
/* End PBXResourcesBuildPhase section */

/* Begin PBXSourcesBuildPhase section */
		73A8C2BD237CF3D4002BA970 /* Sources */ = {
			isa = PBXSourcesBuildPhase;
			buildActionMask = 2147483647;
			files = (
				7352179A239F022800FE4CC0 /* illyCoffee.xcdatamodeld in Sources */,
				73521794239E200100FE4CC0 /* CoffeeCoreDataAdaptor.swift in Sources */,
				73521787239E0A8C00FE4CC0 /* FeaturedCoffeeViewModel.swift in Sources */,
				7352178F239E191700FE4CC0 /* CoffeeCollectionFilter.swift in Sources */,
				731EA4A523906DA10075CACE /* WhiteRoundedView.swift in Sources */,
				73A8C2F1237D0CC5002BA970 /* ProgrammaticView.swift in Sources */,
				731EA4A323905DAB0075CACE /* ImageCache.swift in Sources */,
				73A8C301237D1C52002BA970 /* CoffeeImageTableViewCell.swift in Sources */,
				7352174E239D92BE00FE4CC0 /* CoreDataService.swift in Sources */,
				73A8C2EF237D0C86002BA970 /* CoffeeListViewController.swift in Sources */,
				731EA4A0239044880075CACE /* NetworkSevice.swift in Sources */,
				738AF1F223A0872800950E75 /* NetworkingService.swift in Sources */,
				73A8C2FC237D1925002BA970 /* CoffeeDetailViewController.swift in Sources */,
				73521799239E546E00FE4CC0 /* EmptyStateView.swift in Sources */,
				73521796239E375600FE4CC0 /* Array+Extension.swift in Sources */,
				73E4CAEE239F63A900B479C9 /* OrderedDictionary.swift in Sources */,
				7352175D239DA80900FE4CC0 /* NetworkError.swift in Sources */,
				73A8C303237D1DED002BA970 /* CoffeeLabelTableViewCell.swift in Sources */,
				73A8C2E7237CF64F002BA970 /* FeatureTabViewController.swift in Sources */,
				73A8C2C5237CF3D4002BA970 /* AppDelegate.swift in Sources */,
				7352175A239DA02400FE4CC0 /* FavoriteCoffee+CoreDataClass.swift in Sources */,
				73A8C2FE237D195F002BA970 /* CoffeeDetailViewModel.swift in Sources */,
				7352178D239E18BC00FE4CC0 /* CoffeeCollectionAccessor.swift in Sources */,
				73A8C2F9237D0F46002BA970 /* CoffeeTableViewCell.swift in Sources */,
				73521792239E1ED700FE4CC0 /* CoffeeDetailManager.swift in Sources */,
				73A8C2F6237D0DC7002BA970 /* Coffee.swift in Sources */,
				7352175B239DA02400FE4CC0 /* FavoriteCoffee+CoreDataProperties.swift in Sources */,
				73E4CAF1239F8BFE00B479C9 /* CoffeeCollectionNetworking.swift in Sources */,
				738AF1F023A086DB00950E75 /* PersistenceService.swift in Sources */,
				7352174C239D1BFC00FE4CC0 /* AppData.swift in Sources */,
				73521789239E13B000FE4CC0 /* FavoritedCoffeeViewModel.swift in Sources */,
				7352178B239E188300FE4CC0 /* CoffeeCollectionManager.swift in Sources */,
			);
			runOnlyForDeploymentPostprocessing = 0;
		};
		73A8C2D3237CF3FF002BA970 /* Sources */ = {
			isa = PBXSourcesBuildPhase;
			buildActionMask = 2147483647;
			files = (
				73B3D0AD2398BAA8008E674A /* CoffeeDetailViewModelTests.swift in Sources */,
				738AF1ED23A07E3200950E75 /* MockNetworkingService.swift in Sources */,
				738AF1EB23A06BB900950E75 /* MockPersistenceService.swift in Sources */,
				738AF1E723A0678300950E75 /* CoffeeLabelTableViewCellTest.swift in Sources */,
				738AF1E523A05A4000950E75 /* OrderedDictionaryTests.swift in Sources */,
				738AF1E923A06A0900950E75 /* FavoritedCoffeeViewModelTests.swift in Sources */,
				73A8C2DC237CF3FF002BA970 /* FeaturedCoffeeViewModelTests.swift in Sources */,
				73B3D0AB2398B188008E674A /* MockCoffeeData.swift in Sources */,
			);
			runOnlyForDeploymentPostprocessing = 0;
		};
/* End PBXSourcesBuildPhase section */

/* Begin PBXTargetDependency section */
		73A8C2D9237CF3FF002BA970 /* PBXTargetDependency */ = {
			isa = PBXTargetDependency;
			target = 73A8C2C0237CF3D4002BA970 /* illyCoffee */;
			targetProxy = 73A8C2D8237CF3FF002BA970 /* PBXContainerItemProxy */;
		};
/* End PBXTargetDependency section */

/* Begin PBXVariantGroup section */
		73A8C2CF237CF3FE002BA970 /* LaunchScreen.storyboard */ = {
			isa = PBXVariantGroup;
			children = (
				73A8C2D0237CF3FE002BA970 /* Base */,
			);
			name = LaunchScreen.storyboard;
			sourceTree = "<group>";
		};
/* End PBXVariantGroup section */

/* Begin XCBuildConfiguration section */
		73A8C2DE237CF3FF002BA970 /* Debug */ = {
			isa = XCBuildConfiguration;
			buildSettings = {
				ALWAYS_SEARCH_USER_PATHS = NO;
				CLANG_ANALYZER_NONNULL = YES;
				CLANG_ANALYZER_NUMBER_OBJECT_CONVERSION = YES_AGGRESSIVE;
				CLANG_CXX_LANGUAGE_STANDARD = "gnu++14";
				CLANG_CXX_LIBRARY = "libc++";
				CLANG_ENABLE_MODULES = YES;
				CLANG_ENABLE_OBJC_ARC = YES;
				CLANG_ENABLE_OBJC_WEAK = YES;
				CLANG_WARN_BLOCK_CAPTURE_AUTORELEASING = YES;
				CLANG_WARN_BOOL_CONVERSION = YES;
				CLANG_WARN_COMMA = YES;
				CLANG_WARN_CONSTANT_CONVERSION = YES;
				CLANG_WARN_DEPRECATED_OBJC_IMPLEMENTATIONS = YES;
				CLANG_WARN_DIRECT_OBJC_ISA_USAGE = YES_ERROR;
				CLANG_WARN_DOCUMENTATION_COMMENTS = YES;
				CLANG_WARN_EMPTY_BODY = YES;
				CLANG_WARN_ENUM_CONVERSION = YES;
				CLANG_WARN_INFINITE_RECURSION = YES;
				CLANG_WARN_INT_CONVERSION = YES;
				CLANG_WARN_NON_LITERAL_NULL_CONVERSION = YES;
				CLANG_WARN_OBJC_IMPLICIT_RETAIN_SELF = YES;
				CLANG_WARN_OBJC_LITERAL_CONVERSION = YES;
				CLANG_WARN_OBJC_ROOT_CLASS = YES_ERROR;
				CLANG_WARN_RANGE_LOOP_ANALYSIS = YES;
				CLANG_WARN_STRICT_PROTOTYPES = YES;
				CLANG_WARN_SUSPICIOUS_MOVE = YES;
				CLANG_WARN_UNGUARDED_AVAILABILITY = YES_AGGRESSIVE;
				CLANG_WARN_UNREACHABLE_CODE = YES;
				CLANG_WARN__DUPLICATE_METHOD_MATCH = YES;
				COPY_PHASE_STRIP = NO;
				DEBUG_INFORMATION_FORMAT = dwarf;
				ENABLE_STRICT_OBJC_MSGSEND = YES;
				ENABLE_TESTABILITY = YES;
				GCC_C_LANGUAGE_STANDARD = gnu11;
				GCC_DYNAMIC_NO_PIC = NO;
				GCC_NO_COMMON_BLOCKS = YES;
				GCC_OPTIMIZATION_LEVEL = 0;
				GCC_PREPROCESSOR_DEFINITIONS = (
					"DEBUG=1",
					"$(inherited)",
				);
				GCC_WARN_64_TO_32_BIT_CONVERSION = YES;
				GCC_WARN_ABOUT_RETURN_TYPE = YES_ERROR;
				GCC_WARN_UNDECLARED_SELECTOR = YES;
				GCC_WARN_UNINITIALIZED_AUTOS = YES_AGGRESSIVE;
				GCC_WARN_UNUSED_FUNCTION = YES;
				GCC_WARN_UNUSED_VARIABLE = YES;
				IPHONEOS_DEPLOYMENT_TARGET = 11.0;
				MTL_ENABLE_DEBUG_INFO = INCLUDE_SOURCE;
				MTL_FAST_MATH = YES;
				ONLY_ACTIVE_ARCH = YES;
				SDKROOT = iphoneos;
				SWIFT_ACTIVE_COMPILATION_CONDITIONS = DEBUG;
				SWIFT_OPTIMIZATION_LEVEL = "-Onone";
			};
			name = Debug;
		};
		73A8C2DF237CF3FF002BA970 /* Release */ = {
			isa = XCBuildConfiguration;
			buildSettings = {
				ALWAYS_SEARCH_USER_PATHS = NO;
				CLANG_ANALYZER_NONNULL = YES;
				CLANG_ANALYZER_NUMBER_OBJECT_CONVERSION = YES_AGGRESSIVE;
				CLANG_CXX_LANGUAGE_STANDARD = "gnu++14";
				CLANG_CXX_LIBRARY = "libc++";
				CLANG_ENABLE_MODULES = YES;
				CLANG_ENABLE_OBJC_ARC = YES;
				CLANG_ENABLE_OBJC_WEAK = YES;
				CLANG_WARN_BLOCK_CAPTURE_AUTORELEASING = YES;
				CLANG_WARN_BOOL_CONVERSION = YES;
				CLANG_WARN_COMMA = YES;
				CLANG_WARN_CONSTANT_CONVERSION = YES;
				CLANG_WARN_DEPRECATED_OBJC_IMPLEMENTATIONS = YES;
				CLANG_WARN_DIRECT_OBJC_ISA_USAGE = YES_ERROR;
				CLANG_WARN_DOCUMENTATION_COMMENTS = YES;
				CLANG_WARN_EMPTY_BODY = YES;
				CLANG_WARN_ENUM_CONVERSION = YES;
				CLANG_WARN_INFINITE_RECURSION = YES;
				CLANG_WARN_INT_CONVERSION = YES;
				CLANG_WARN_NON_LITERAL_NULL_CONVERSION = YES;
				CLANG_WARN_OBJC_IMPLICIT_RETAIN_SELF = YES;
				CLANG_WARN_OBJC_LITERAL_CONVERSION = YES;
				CLANG_WARN_OBJC_ROOT_CLASS = YES_ERROR;
				CLANG_WARN_RANGE_LOOP_ANALYSIS = YES;
				CLANG_WARN_STRICT_PROTOTYPES = YES;
				CLANG_WARN_SUSPICIOUS_MOVE = YES;
				CLANG_WARN_UNGUARDED_AVAILABILITY = YES_AGGRESSIVE;
				CLANG_WARN_UNREACHABLE_CODE = YES;
				CLANG_WARN__DUPLICATE_METHOD_MATCH = YES;
				COPY_PHASE_STRIP = NO;
				DEBUG_INFORMATION_FORMAT = "dwarf-with-dsym";
				ENABLE_NS_ASSERTIONS = NO;
				ENABLE_STRICT_OBJC_MSGSEND = YES;
				GCC_C_LANGUAGE_STANDARD = gnu11;
				GCC_NO_COMMON_BLOCKS = YES;
				GCC_WARN_64_TO_32_BIT_CONVERSION = YES;
				GCC_WARN_ABOUT_RETURN_TYPE = YES_ERROR;
				GCC_WARN_UNDECLARED_SELECTOR = YES;
				GCC_WARN_UNINITIALIZED_AUTOS = YES_AGGRESSIVE;
				GCC_WARN_UNUSED_FUNCTION = YES;
				GCC_WARN_UNUSED_VARIABLE = YES;
				IPHONEOS_DEPLOYMENT_TARGET = 11.0;
				MTL_ENABLE_DEBUG_INFO = NO;
				MTL_FAST_MATH = YES;
				SDKROOT = iphoneos;
				SWIFT_COMPILATION_MODE = wholemodule;
				SWIFT_OPTIMIZATION_LEVEL = "-O";
				VALIDATE_PRODUCT = YES;
			};
			name = Release;
		};
		73A8C2E1237CF3FF002BA970 /* Debug */ = {
			isa = XCBuildConfiguration;
			buildSettings = {
				ASSETCATALOG_COMPILER_APPICON_NAME = AppIcon;
				CODE_SIGN_STYLE = Automatic;
				CURRENT_PROJECT_VERSION = 1;
				INFOPLIST_FILE = "$(SRCROOT)/illyCoffee/SupportingFiles/Info.plist";
				IPHONEOS_DEPLOYMENT_TARGET = 11.0;
				LD_RUNPATH_SEARCH_PATHS = (
					"$(inherited)",
					"@executable_path/Frameworks",
				);
				MARKETING_VERSION = 1.0;
				PRODUCT_BUNDLE_IDENTIFIER = com.alexander.lorkowski.illyCoffee;
				PRODUCT_NAME = "$(TARGET_NAME)";
				SWIFT_VERSION = 5.0;
				TARGETED_DEVICE_FAMILY = 1;
			};
			name = Debug;
		};
		73A8C2E2237CF3FF002BA970 /* Release */ = {
			isa = XCBuildConfiguration;
			buildSettings = {
				ASSETCATALOG_COMPILER_APPICON_NAME = AppIcon;
				CODE_SIGN_STYLE = Automatic;
				CURRENT_PROJECT_VERSION = 1;
				INFOPLIST_FILE = "$(SRCROOT)/illyCoffee/SupportingFiles/Info.plist";
				IPHONEOS_DEPLOYMENT_TARGET = 11.0;
				LD_RUNPATH_SEARCH_PATHS = (
					"$(inherited)",
					"@executable_path/Frameworks",
				);
				MARKETING_VERSION = 1.0;
				PRODUCT_BUNDLE_IDENTIFIER = com.alexander.lorkowski.illyCoffee;
				PRODUCT_NAME = "$(TARGET_NAME)";
				SWIFT_VERSION = 5.0;
				TARGETED_DEVICE_FAMILY = 1;
			};
			name = Release;
		};
		73A8C2E4237CF3FF002BA970 /* Debug */ = {
			isa = XCBuildConfiguration;
			buildSettings = {
				ALWAYS_EMBED_SWIFT_STANDARD_LIBRARIES = YES;
				BUNDLE_LOADER = "$(TEST_HOST)";
				CODE_SIGN_STYLE = Automatic;
				INFOPLIST_FILE = illyCoffeeTests/Info.plist;
				IPHONEOS_DEPLOYMENT_TARGET = 13.2;
				LD_RUNPATH_SEARCH_PATHS = (
					"$(inherited)",
					"@executable_path/Frameworks",
					"@loader_path/Frameworks",
				);
				PRODUCT_BUNDLE_IDENTIFIER = com.alexander.lorkowski.illyCoffeeTests;
				PRODUCT_NAME = "$(TARGET_NAME)";
				SWIFT_VERSION = 5.0;
				TARGETED_DEVICE_FAMILY = "1,2";
				TEST_HOST = "$(BUILT_PRODUCTS_DIR)/illyCoffee.app/illyCoffee";
			};
			name = Debug;
		};
		73A8C2E5237CF3FF002BA970 /* Release */ = {
			isa = XCBuildConfiguration;
			buildSettings = {
				ALWAYS_EMBED_SWIFT_STANDARD_LIBRARIES = YES;
				BUNDLE_LOADER = "$(TEST_HOST)";
				CODE_SIGN_STYLE = Automatic;
				INFOPLIST_FILE = illyCoffeeTests/Info.plist;
				IPHONEOS_DEPLOYMENT_TARGET = 13.2;
				LD_RUNPATH_SEARCH_PATHS = (
					"$(inherited)",
					"@executable_path/Frameworks",
					"@loader_path/Frameworks",
				);
				PRODUCT_BUNDLE_IDENTIFIER = com.alexander.lorkowski.illyCoffeeTests;
				PRODUCT_NAME = "$(TARGET_NAME)";
				SWIFT_VERSION = 5.0;
				TARGETED_DEVICE_FAMILY = "1,2";
				TEST_HOST = "$(BUILT_PRODUCTS_DIR)/illyCoffee.app/illyCoffee";
			};
			name = Release;
		};
/* End XCBuildConfiguration section */

/* Begin XCConfigurationList section */
		73A8C2BC237CF3D4002BA970 /* Build configuration list for PBXProject "illyCoffee" */ = {
			isa = XCConfigurationList;
			buildConfigurations = (
				73A8C2DE237CF3FF002BA970 /* Debug */,
				73A8C2DF237CF3FF002BA970 /* Release */,
			);
			defaultConfigurationIsVisible = 0;
			defaultConfigurationName = Release;
		};
		73A8C2E0237CF3FF002BA970 /* Build configuration list for PBXNativeTarget "illyCoffee" */ = {
			isa = XCConfigurationList;
			buildConfigurations = (
				73A8C2E1237CF3FF002BA970 /* Debug */,
				73A8C2E2237CF3FF002BA970 /* Release */,
			);
			defaultConfigurationIsVisible = 0;
			defaultConfigurationName = Release;
		};
		73A8C2E3237CF3FF002BA970 /* Build configuration list for PBXNativeTarget "illyCoffeeTests" */ = {
			isa = XCConfigurationList;
			buildConfigurations = (
				73A8C2E4237CF3FF002BA970 /* Debug */,
				73A8C2E5237CF3FF002BA970 /* Release */,
			);
			defaultConfigurationIsVisible = 0;
			defaultConfigurationName = Release;
		};
/* End XCConfigurationList section */

/* Begin XCVersionGroup section */
		73521751239D953300FE4CC0 /* illyCoffee.xcdatamodeld */ = {
			isa = XCVersionGroup;
			children = (
				73521752239D953300FE4CC0 /* illyCoffee.xcdatamodel */,
			);
			currentVersion = 73521752239D953300FE4CC0 /* illyCoffee.xcdatamodel */;
			path = illyCoffee.xcdatamodeld;
			sourceTree = "<group>";
			versionGroupType = wrapper.xcdatamodel;
		};
/* End XCVersionGroup section */
	};
	rootObject = 73A8C2B9237CF3D4002BA970 /* Project object */;
}
